lockfileVersion: '9.0'

settings:
  autoInstallPeers: true
  excludeLinksFromLockfile: false

importers:

  .:
    devDependencies:
      '@tsconfig/node20':
        specifier: ^20.1.4
        version: 20.1.4
      '@types/node':
        specifier: ^20.17.22
        version: 20.17.22
      cmake-js:
        specifier: ^7.3.0
        version: 7.3.0
      node-addon-api:
        specifier: ^8.3.1
        version: 8.3.1
      node-api-headers:
        specifier: ^1.5.0
        version: 1.5.0
      tsx:
        specifier: ^4.19.3
        version: 4.19.3

packages:

  '@esbuild/aix-ppc64@0.25.0':
    resolution: {integrity: sha512-O7vun9Sf8DFjH2UtqK8Ku3LkquL9SZL8OLY1T5NZkA34+wG3OQF7cl4Ql8vdNzM6fzBbYfLaiRLIOZ+2FOCgBQ==}
    engines: {node: '>=18'}
    cpu: [ppc64]
    os: [aix]

  '@esbuild/android-arm64@0.25.0':
    resolution: {integrity: sha512-grvv8WncGjDSyUBjN9yHXNt+cq0snxXbDxy5pJtzMKGmmpPxeAmAhWxXI+01lU5rwZomDgD3kJwulEnhTRUd6g==}
    engines: {node: '>=18'}
    cpu: [arm64]
    os: [android]

  '@esbuild/android-arm@0.25.0':
    resolution: {integrity: sha512-PTyWCYYiU0+1eJKmw21lWtC+d08JDZPQ5g+kFyxP0V+es6VPPSUhM6zk8iImp2jbV6GwjX4pap0JFbUQN65X1g==}
    engines: {node: '>=18'}
    cpu: [arm]
    os: [android]

  '@esbuild/android-x64@0.25.0':
    resolution: {integrity: sha512-m/ix7SfKG5buCnxasr52+LI78SQ+wgdENi9CqyCXwjVR2X4Jkz+BpC3le3AoBPYTC9NHklwngVXvbJ9/Akhrfg==}
    engines: {node: '>=18'}
    cpu: [x64]
    os: [android]

  '@esbuild/darwin-arm64@0.25.0':
    resolution: {integrity: sha512-mVwdUb5SRkPayVadIOI78K7aAnPamoeFR2bT5nszFUZ9P8UpK4ratOdYbZZXYSqPKMHfS1wdHCJk1P1EZpRdvw==}
    engines: {node: '>=18'}
    cpu: [arm64]
    os: [darwin]

  '@esbuild/darwin-x64@0.25.0':
    resolution: {integrity: sha512-DgDaYsPWFTS4S3nWpFcMn/33ZZwAAeAFKNHNa1QN0rI4pUjgqf0f7ONmXf6d22tqTY+H9FNdgeaAa+YIFUn2Rg==}
    engines: {node: '>=18'}
    cpu: [x64]
    os: [darwin]

  '@esbuild/freebsd-arm64@0.25.0':
    resolution: {integrity: sha512-VN4ocxy6dxefN1MepBx/iD1dH5K8qNtNe227I0mnTRjry8tj5MRk4zprLEdG8WPyAPb93/e4pSgi1SoHdgOa4w==}
    engines: {node: '>=18'}
    cpu: [arm64]
    os: [freebsd]

  '@esbuild/freebsd-x64@0.25.0':
    resolution: {integrity: sha512-mrSgt7lCh07FY+hDD1TxiTyIHyttn6vnjesnPoVDNmDfOmggTLXRv8Id5fNZey1gl/V2dyVK1VXXqVsQIiAk+A==}
    engines: {node: '>=18'}
    cpu: [x64]
    os: [freebsd]

  '@esbuild/linux-arm64@0.25.0':
    resolution: {integrity: sha512-9QAQjTWNDM/Vk2bgBl17yWuZxZNQIF0OUUuPZRKoDtqF2k4EtYbpyiG5/Dk7nqeK6kIJWPYldkOcBqjXjrUlmg==}
    engines: {node: '>=18'}
    cpu: [arm64]
    os: [linux]

  '@esbuild/linux-arm@0.25.0':
    resolution: {integrity: sha512-vkB3IYj2IDo3g9xX7HqhPYxVkNQe8qTK55fraQyTzTX/fxaDtXiEnavv9geOsonh2Fd2RMB+i5cbhu2zMNWJwg==}
    engines: {node: '>=18'}
    cpu: [arm]
    os: [linux]

  '@esbuild/linux-ia32@0.25.0':
    resolution: {integrity: sha512-43ET5bHbphBegyeqLb7I1eYn2P/JYGNmzzdidq/w0T8E2SsYL1U6un2NFROFRg1JZLTzdCoRomg8Rvf9M6W6Gg==}
    engines: {node: '>=18'}
    cpu: [ia32]
    os: [linux]

  '@esbuild/linux-loong64@0.25.0':
    resolution: {integrity: sha512-fC95c/xyNFueMhClxJmeRIj2yrSMdDfmqJnyOY4ZqsALkDrrKJfIg5NTMSzVBr5YW1jf+l7/cndBfP3MSDpoHw==}
    engines: {node: '>=18'}
    cpu: [loong64]
    os: [linux]

  '@esbuild/linux-mips64el@0.25.0':
    resolution: {integrity: sha512-nkAMFju7KDW73T1DdH7glcyIptm95a7Le8irTQNO/qtkoyypZAnjchQgooFUDQhNAy4iu08N79W4T4pMBwhPwQ==}
    engines: {node: '>=18'}
    cpu: [mips64el]
    os: [linux]

  '@esbuild/linux-ppc64@0.25.0':
    resolution: {integrity: sha512-NhyOejdhRGS8Iwv+KKR2zTq2PpysF9XqY+Zk77vQHqNbo/PwZCzB5/h7VGuREZm1fixhs4Q/qWRSi5zmAiO4Fw==}
    engines: {node: '>=18'}
    cpu: [ppc64]
    os: [linux]

  '@esbuild/linux-riscv64@0.25.0':
    resolution: {integrity: sha512-5S/rbP5OY+GHLC5qXp1y/Mx//e92L1YDqkiBbO9TQOvuFXM+iDqUNG5XopAnXoRH3FjIUDkeGcY1cgNvnXp/kA==}
    engines: {node: '>=18'}
    cpu: [riscv64]
    os: [linux]

  '@esbuild/linux-s390x@0.25.0':
    resolution: {integrity: sha512-XM2BFsEBz0Fw37V0zU4CXfcfuACMrppsMFKdYY2WuTS3yi8O1nFOhil/xhKTmE1nPmVyvQJjJivgDT+xh8pXJA==}
    engines: {node: '>=18'}
    cpu: [s390x]
    os: [linux]

  '@esbuild/linux-x64@0.25.0':
    resolution: {integrity: sha512-9yl91rHw/cpwMCNytUDxwj2XjFpxML0y9HAOH9pNVQDpQrBxHy01Dx+vaMu0N1CKa/RzBD2hB4u//nfc+Sd3Cw==}
    engines: {node: '>=18'}
    cpu: [x64]
    os: [linux]

  '@esbuild/netbsd-arm64@0.25.0':
    resolution: {integrity: sha512-RuG4PSMPFfrkH6UwCAqBzauBWTygTvb1nxWasEJooGSJ/NwRw7b2HOwyRTQIU97Hq37l3npXoZGYMy3b3xYvPw==}
    engines: {node: '>=18'}
    cpu: [arm64]
    os: [netbsd]

  '@esbuild/netbsd-x64@0.25.0':
    resolution: {integrity: sha512-jl+qisSB5jk01N5f7sPCsBENCOlPiS/xptD5yxOx2oqQfyourJwIKLRA2yqWdifj3owQZCL2sn6o08dBzZGQzA==}
    engines: {node: '>=18'}
    cpu: [x64]
    os: [netbsd]

  '@esbuild/openbsd-arm64@0.25.0':
    resolution: {integrity: sha512-21sUNbq2r84YE+SJDfaQRvdgznTD8Xc0oc3p3iW/a1EVWeNj/SdUCbm5U0itZPQYRuRTW20fPMWMpcrciH2EJw==}
    engines: {node: '>=18'}
    cpu: [arm64]
    os: [openbsd]

  '@esbuild/openbsd-x64@0.25.0':
    resolution: {integrity: sha512-2gwwriSMPcCFRlPlKx3zLQhfN/2WjJ2NSlg5TKLQOJdV0mSxIcYNTMhk3H3ulL/cak+Xj0lY1Ym9ysDV1igceg==}
    engines: {node: '>=18'}
    cpu: [x64]
    os: [openbsd]

  '@esbuild/sunos-x64@0.25.0':
    resolution: {integrity: sha512-bxI7ThgLzPrPz484/S9jLlvUAHYMzy6I0XiU1ZMeAEOBcS0VePBFxh1JjTQt3Xiat5b6Oh4x7UC7IwKQKIJRIg==}
    engines: {node: '>=18'}
    cpu: [x64]
    os: [sunos]

  '@esbuild/win32-arm64@0.25.0':
    resolution: {integrity: sha512-ZUAc2YK6JW89xTbXvftxdnYy3m4iHIkDtK3CLce8wg8M2L+YZhIvO1DKpxrd0Yr59AeNNkTiic9YLf6FTtXWMw==}
    engines: {node: '>=18'}
    cpu: [arm64]
    os: [win32]

  '@esbuild/win32-ia32@0.25.0':
    resolution: {integrity: sha512-eSNxISBu8XweVEWG31/JzjkIGbGIJN/TrRoiSVZwZ6pkC6VX4Im/WV2cz559/TXLcYbcrDN8JtKgd9DJVIo8GA==}
    engines: {node: '>=18'}
    cpu: [ia32]
    os: [win32]

  '@esbuild/win32-x64@0.25.0':
    resolution: {integrity: sha512-ZENoHJBxA20C2zFzh6AI4fT6RraMzjYw4xKWemRTRmRVtN9c5DcH9r/f2ihEkMjOW5eGgrwCslG/+Y/3bL+DHQ==}
    engines: {node: '>=18'}
    cpu: [x64]
    os: [win32]

  '@tsconfig/node20@20.1.4':
    resolution: {integrity: sha512-sqgsT69YFeLWf5NtJ4Xq/xAF8p4ZQHlmGW74Nu2tD4+g5fAsposc4ZfaaPixVu4y01BEiDCWLRDCvDM5JOsRxg==}

  '@types/node@20.17.22':
    resolution: {integrity: sha512-9RV2zST+0s3EhfrMZIhrz2bhuhBwxgkbHEwP2gtGWPjBzVQjifMzJ9exw7aDZhR1wbpj8zBrfp3bo8oJcGiUUw==}

  ansi-regex@5.0.1:
    resolution: {integrity: sha512-quJQXlTSUGL2LH9SUXo8VwsY4soanhgo6LNSm84E1LBcE8s3O0wpdiRzyR9z/ZZJMlMWv37qOOb9pdJlMUEKFQ==}
    engines: {node: '>=8'}

  ansi-styles@4.3.0:
    resolution: {integrity: sha512-zbB9rCJAT1rbjiVDb2hqKFHNYLxgtk8NURxZ3IZwD3F6NtxbXZQCnnSi1Lkx+IDohdPlFp222wVALIheZJQSEg==}
    engines: {node: '>=8'}

  aproba@2.0.0:
    resolution: {integrity: sha512-lYe4Gx7QT+MKGbDsA+Z+he/Wtef0BiwDOlK/XkBrdfsh9J/jPPXbX0tE9x9cl27Tmu5gg3QUbUrQYa/y+KOHPQ==}

  are-we-there-yet@3.0.1:
    resolution: {integrity: sha512-QZW4EDmGwlYur0Yyf/b2uGucHQMa8aFUP7eu9ddR73vvhFyt4V0Vl3QHPcTNJ8l6qYOBdxgXdnBXQrHilfRQBg==}
    engines: {node: ^12.13.0 || ^14.15.0 || >=16.0.0}
    deprecated: This package is no longer supported.

  asynckit@0.4.0:
    resolution: {integrity: sha512-Oei9OH4tRh0YqU3GxhX79dM/mwVgvbZJaSNaRk+bshkj0S5cfHcgYakreBjrHwatXKbz+IoIdYLxrKim2MjW0Q==}

  axios@1.8.1:
    resolution: {integrity: sha512-NN+fvwH/kV01dYUQ3PTOZns4LWtWhOFCAhQ/pHb88WQ1hNe5V/dvFwc4VJcDL11LT9xSX0QtsR8sWUuyOuOq7g==}

  call-bind-apply-helpers@1.0.2:
    resolution: {integrity: sha512-Sp1ablJ0ivDkSzjcaJdxEunN5/XvksFJ2sMBFfq6x0ryhQV/2b/KwFe21cMpmHtPOSij8K99/wSfoEuTObmuMQ==}
    engines: {node: '>= 0.4'}

  chownr@2.0.0:
    resolution: {integrity: sha512-bIomtDF5KGpdogkLd9VspvFzk9KfpyyGlS8YFVZl7TGPBHL5snIOnxeshwVgPteQ9b4Eydl+pVbIyE1DcvCWgQ==}
    engines: {node: '>=10'}

  cliui@8.0.1:
    resolution: {integrity: sha512-BSeNnyus75C4//NQ9gQt1/csTXyo/8Sb+afLAkzAptFuMsod9HFokGNudZpi/oQV73hnVK+sR+5PVRMd+Dr7YQ==}
    engines: {node: '>=12'}

  cmake-js@7.3.0:
    resolution: {integrity: sha512-dXs2zq9WxrV87bpJ+WbnGKv8WUBXDw8blNiwNHoRe/it+ptscxhQHKB1SJXa1w+kocLMeP28Tk4/eTCezg4o+w==}
    engines: {node: '>= 14.15.0'}
    hasBin: true

  color-convert@2.0.1:
    resolution: {integrity: sha512-RRECPsj7iu/xb5oKYcsFHSppFNnsj/52OVTRKb4zP5onXwVF3zVmmToNcOfGC+CRDpfK/U584fMg38ZHCaElKQ==}
    engines: {node: '>=7.0.0'}

  color-name@1.1.4:
    resolution: {integrity: sha512-dOy+3AuW3a2wNbZHIuMZpTcgjGuLU/uBL/ubcZF9OXbDo8ff4O8yVp5Bf0efS8uEoYo5q4Fx7dY9OgQGXgAsQA==}

  color-support@1.1.3:
    resolution: {integrity: sha512-qiBjkpbMLO/HL68y+lh4q0/O1MZFj2RX6X/KmMa3+gJD3z+WwI1ZzDHysvqHGS3mP6mznPckpXmw1nI9cJjyRg==}
    hasBin: true

  combined-stream@1.0.8:
    resolution: {integrity: sha512-FQN4MRfuJeHf7cBbBMJFXhKSDq+2kAArBlmRBvcvFE5BB1HZKXtSFASDhdlz9zOYwxh8lDdnvmMOe/+5cdoEdg==}
    engines: {node: '>= 0.8'}

  console-control-strings@1.1.0:
    resolution: {integrity: sha512-ty/fTekppD2fIwRvnZAVdeOiGd1c7YXEixbgJTNzqcxJWKQnjJ/V1bNEEE6hygpM3WjwHFUVK6HTjWSzV4a8sQ==}

  debug@4.4.0:
    resolution: {integrity: sha512-6WTZ/IxCY/T6BALoZHaE4ctp9xm+Z5kY/pzYaCHRFeyVhojxlrm+46y68HA6hr0TcwEssoxNiDEUJQjfPZ/RYA==}
    engines: {node: '>=6.0'}
    peerDependencies:
      supports-color: '*'
    peerDependenciesMeta:
      supports-color:
        optional: true

  deep-extend@0.6.0:
    resolution: {integrity: sha512-LOHxIOaPYdHlJRtCQfDIVZtfw/ufM8+rVj649RIHzcm/vGwQRXFt6OPqIFWsm2XEMrNIEtWR64sY1LEKD2vAOA==}
    engines: {node: '>=4.0.0'}

  delayed-stream@1.0.0:
    resolution: {integrity: sha512-ZySD7Nf91aLB0RxL4KGrKHBXl7Eds1DAmEdcoVawXnLD7SDhpNgtuII2aAkg7a7QS41jxPSZ17p4VdGnMHk3MQ==}
    engines: {node: '>=0.4.0'}

  delegates@1.0.0:
    resolution: {integrity: sha512-bd2L678uiWATM6m5Z1VzNCErI3jiGzt6HGY8OVICs40JQq/HALfbyNJmp0UDakEY4pMMaN0Ly5om/B1VI/+xfQ==}

  dunder-proto@1.0.1:
    resolution: {integrity: sha512-KIN/nDJBQRcXw0MLVhZE9iQHmG68qAVIBg9CqmUYjmQIhgij9U5MFvrqkUL5FbtyyzZuOeOt0zdeRe4UY7ct+A==}
    engines: {node: '>= 0.4'}

  emoji-regex@8.0.0:
    resolution: {integrity: sha512-MSjYzcWNOA0ewAHpz0MxpYFvwg6yjy1NG3xteoqz644VCo/RPgnr1/GGt+ic3iJTzQ8Eu3TdM14SawnVUmGE6A==}

  es-define-property@1.0.1:
    resolution: {integrity: sha512-e3nRfgfUZ4rNGL232gUgX06QNyyez04KdjFrF+LTRoOXmrOgFKDg4BCdsjW8EnT69eqdYGmRpJwiPVYNrCaW3g==}
    engines: {node: '>= 0.4'}

  es-errors@1.3.0:
    resolution: {integrity: sha512-Zf5H2Kxt2xjTvbJvP2ZWLEICxA6j+hAmMzIlypy4xcBg1vKVnx89Wy0GbS+kf5cwCVFFzdCFh2XSCFNULS6csw==}
    engines: {node: '>= 0.4'}

  es-object-atoms@1.1.1:
    resolution: {integrity: sha512-FGgH2h8zKNim9ljj7dankFPcICIK9Cp5bm+c2gQSYePhpaG5+esrLODihIorn+Pe6FGJzWhXQotPv73jTaldXA==}
    engines: {node: '>= 0.4'}

  es-set-tostringtag@2.1.0:
    resolution: {integrity: sha512-j6vWzfrGVfyXxge+O0x5sh6cvxAog0a/4Rdd2K36zCMV5eJ+/+tOAngRO8cODMNWbVRdVlmGZQL2YS3yR8bIUA==}
    engines: {node: '>= 0.4'}

  esbuild@0.25.0:
    resolution: {integrity: sha512-BXq5mqc8ltbaN34cDqWuYKyNhX8D/Z0J1xdtdQ8UcIIIyJyz+ZMKUt58tF3SrZ85jcfN/PZYhjR5uDQAYNVbuw==}
    engines: {node: '>=18'}
    hasBin: true

  escalade@3.2.0:
    resolution: {integrity: sha512-WUj2qlxaQtO4g6Pq5c29GTcWGDyd8itL8zTlipgECz3JesAiiOKotd8JU6otB3PACgG6xkJUyVhboMS+bje/jA==}
    engines: {node: '>=6'}

  follow-redirects@1.15.9:
    resolution: {integrity: sha512-gew4GsXizNgdoRyqmyfMHyAmXsZDk6mHkSxZFCzW9gwlbtOW44CDtYavM+y+72qD/Vq2l550kMF52DT8fOLJqQ==}
    engines: {node: '>=4.0'}
    peerDependencies:
      debug: '*'
    peerDependenciesMeta:
      debug:
        optional: true

  form-data@4.0.2:
    resolution: {integrity: sha512-hGfm/slu0ZabnNt4oaRZ6uREyfCj6P4fT/n6A1rGV+Z0VdGXjfOhVUpkn6qVQONHGIFwmveGXyDs75+nr6FM8w==}
    engines: {node: '>= 6'}

  fs-extra@11.3.0:
    resolution: {integrity: sha512-Z4XaCL6dUDHfP/jT25jJKMmtxvuwbkrD1vNSMFlo9lNLY2c5FHYSQgHPRZUjAB26TpDEoW9HCOgplrdbaPV/ew==}
    engines: {node: '>=14.14'}

  fs-minipass@2.1.0:
    resolution: {integrity: sha512-V/JgOLFCS+R6Vcq0slCuaeWEdNC3ouDlJMNIsacH2VtALiu9mV4LPrHc5cDl8k5aw6J8jwgWWpiTo5RYhmIzvg==}
    engines: {node: '>= 8'}

  fsevents@2.3.3:
    resolution: {integrity: sha512-5xoDfX+fL7faATnagmWPpbFtwh/R77WmMMqqHGS65C3vvB0YHrgF+B1YmZ3441tMj5n63k0212XNoJwzlhffQw==}
    engines: {node: ^8.16.0 || ^10.6.0 || >=11.0.0}
    os: [darwin]

  function-bind@1.1.2:
    resolution: {integrity: sha512-7XHNxH7qX9xG5mIwxkhumTox/MIRNcOgDrxWsMt2pAr23WHp6MrRlN7FBSFpCpr+oVO0F744iUgR82nJMfG2SA==}

  gauge@4.0.4:
    resolution: {integrity: sha512-f9m+BEN5jkg6a0fZjleidjN51VE1X+mPFQ2DJ0uv1V39oCLCbsGe6yjbBnp7eK7z/+GAon99a3nHuqbuuthyPg==}
    engines: {node: ^12.13.0 || ^14.15.0 || >=16.0.0}
    deprecated: This package is no longer supported.

  get-caller-file@2.0.5:
    resolution: {integrity: sha512-DyFP3BM/3YHTQOCUL/w0OZHR0lpKeGrxotcHWcqNEdnltqFwXVfhEBQ94eIo34AfQpo0rGki4cyIiftY06h2Fg==}
    engines: {node: 6.* || 8.* || >= 10.*}

  get-intrinsic@1.3.0:
    resolution: {integrity: sha512-9fSjSaos/fRIVIp+xSJlE6lfwhES7LNtKaCBIamHsjr2na1BiABJPo0mOjjz8GJDURarmCPGqaiVg5mfjb98CQ==}
    engines: {node: '>= 0.4'}

  get-proto@1.0.1:
    resolution: {integrity: sha512-sTSfBjoXBp89JvIKIefqw7U2CCebsc74kiY6awiGogKtoSGbgjYE/G/+l9sF3MWFPNc9IcoOC4ODfKHfxFmp0g==}
    engines: {node: '>= 0.4'}

  get-tsconfig@4.10.0:
    resolution: {integrity: sha512-kGzZ3LWWQcGIAmg6iWvXn0ei6WDtV26wzHRMwDSzmAbcXrTEXxHy6IehI6/4eT6VRKyMP1eF1VqwrVUmE/LR7A==}

  gopd@1.2.0:
    resolution: {integrity: sha512-ZUKRh6/kUFoAiTAtTYPZJ3hw9wNxx+BIBOijnlG9PnrJsCcSjs1wyyD6vJpaYtgnzDrKYRSqf3OO6Rfa93xsRg==}
    engines: {node: '>= 0.4'}

  graceful-fs@4.2.11:
    resolution: {integrity: sha512-RbJ5/jmFcNNCcDV5o9eTnBLJ/HszWV0P73bc+Ff4nS/rJj+YaS6IGyiOL0VoBYX+l1Wrl3k63h/KrH+nhJ0XvQ==}

  has-symbols@1.1.0:
    resolution: {integrity: sha512-1cDNdwJ2Jaohmb3sg4OmKaMBwuC48sYni5HUw2DvsC8LjGTLK9h+eb1X6RyuOHe4hT0ULCW68iomhjUoKUqlPQ==}
    engines: {node: '>= 0.4'}

  has-tostringtag@1.0.2:
    resolution: {integrity: sha512-NqADB8VjPFLM2V0VvHUewwwsw0ZWBaIdgo+ieHtK3hasLz4qeCRjYcqfB6AQrBggRKppKF8L52/VqdVsO47Dlw==}
    engines: {node: '>= 0.4'}

  has-unicode@2.0.1:
    resolution: {integrity: sha512-8Rf9Y83NBReMnx0gFzA8JImQACstCYWUplepDa9xprwwtmgEZUF0h/i5xSA625zB/I37EtrswSST6OXxwaaIJQ==}

  hasown@2.0.2:
    resolution: {integrity: sha512-0hJU9SCPvmMzIBdZFqNPXWa6dqh7WdH0cII9y+CyS8rG3nL48Bclra9HmKhVVUHyPWNH5Y7xDwAB7bfgSjkUMQ==}
    engines: {node: '>= 0.4'}

  inherits@2.0.4:
    resolution: {integrity: sha512-k/vGaX4/Yla3WzyMCvTQOXYeIHvqOKtnqBduzTHpzpQZzAskKMhZ2K+EnBiSM9zGSoIFeMpXKxa4dYeZIQqewQ==}

  ini@1.3.8:
    resolution: {integrity: sha512-JV/yugV2uzW5iMRSiZAyDtQd+nxtUnjeLt0acNdw98kKLrvuRVyB80tsREOE7yvGVgalhZ6RNXCmEHkUKBKxew==}

  is-fullwidth-code-point@3.0.0:
    resolution: {integrity: sha512-zymm5+u+sCsSWyD9qNaejV3DFvhCKclKdizYaJUuHA83RLjb7nSuGnddCHGv0hk+KY7BMAlsWeK4Ueg6EV6XQg==}
    engines: {node: '>=8'}

  isexe@2.0.0:
    resolution: {integrity: sha512-RHxMLp9lnKHGHRng9QFhRCMbYAcVpn69smSGcq3f36xjgVVWThj4qqLbTLlq7Ssj8B+fIQ1EuCEGI2lKsyQeIw==}

  jsonfile@6.1.0:
    resolution: {integrity: sha512-5dgndWOriYSm5cnYaJNhalLNDKOqFwyDB/rr1E9ZsGciGvKPs8R2xYGCacuf3z6K1YKDz182fd+fY3cn3pMqXQ==}

  lodash.isplainobject@4.0.6:
    resolution: {integrity: sha512-oSXzaWypCMHkPC3NvBEaPHf0KsA5mvPrOPgQWDsbg8n7orZ290M0BmC/jgRZ4vcJ6DTAhjrsSYgdsW/F+MFOBA==}

  math-intrinsics@1.1.0:
    resolution: {integrity: sha512-/IXtbwEk5HTPyEwyKX6hGkYXxM9nbj64B+ilVJnC/R6B0pH5G4V3b0pVbL7DBj4tkhBAppbQUlf6F6Xl9LHu1g==}
    engines: {node: '>= 0.4'}

  memory-stream@1.0.0:
    resolution: {integrity: sha512-Wm13VcsPIMdG96dzILfij09PvuS3APtcKNh7M28FsCA/w6+1mjR7hhPmfFNoilX9xU7wTdhsH5lJAm6XNzdtww==}

  mime-db@1.52.0:
    resolution: {integrity: sha512-sPU4uV7dYlvtWJxwwxHD0PuihVNiE7TyAbQ5SWxDCB9mUYvOgroQOwYQQOKPJ8CIbE+1ETVlOoK1UC2nU3gYvg==}
    engines: {node: '>= 0.6'}

  mime-types@2.1.35:
    resolution: {integrity: sha512-ZDY+bPm5zTTF+YpCrAU9nK0UgICYPT0QtT1NZWFv4s++TNkcgVaT0g6+4R2uI4MjQjzysHB1zxuWL50hzaeXiw==}
    engines: {node: '>= 0.6'}

  minimist@1.2.8:
    resolution: {integrity: sha512-2yyAR8qBkN3YuheJanUpWC5U3bb5osDywNB8RzDVlDwDHbocAJveqqj1u8+SVD7jkWT4yvsHCpWqqWqAxb0zCA==}

  minipass@3.3.6:
    resolution: {integrity: sha512-DxiNidxSEK+tHG6zOIklvNOwm3hvCrbUrdtzY74U6HKTJxvIDfOUL5W5P2Ghd3DTkhhKPYGqeNUIh5qcM4YBfw==}
    engines: {node: '>=8'}

  minipass@5.0.0:
    resolution: {integrity: sha512-3FnjYuehv9k6ovOEbyOswadCDPX1piCfhV8ncmYtHOjuPwylVWsghTLo7rabjC3Rx5xD4HDx8Wm1xnMF7S5qFQ==}
    engines: {node: '>=8'}

  minizlib@2.1.2:
    resolution: {integrity: sha512-bAxsR8BVfj60DWXHE3u30oHzfl4G7khkSuPW+qvpd7jFRHm7dLxOjUk1EHACJ/hxLY8phGJ0YhYHZo7jil7Qdg==}
    engines: {node: '>= 8'}

  mkdirp@1.0.4:
    resolution: {integrity: sha512-vVqVZQyf3WLx2Shd0qJ9xuvqgAyKPLAiqITEtqW0oIUjzo3PePDd6fW9iFz30ef7Ysp/oiWqbhszeGWW2T6Gzw==}
    engines: {node: '>=10'}
    hasBin: true

  ms@2.1.3:
    resolution: {integrity: sha512-6FlzubTLZG3J2a/NVCAleEhjzq5oxgHyaCU9yYXvcLsvoVaHJq/s5xXI6/XXP6tz7R9xAOtHnSO/tXtF3WRTlA==}

  node-addon-api@8.3.1:
    resolution: {integrity: sha512-lytcDEdxKjGJPTLEfW4mYMigRezMlyJY8W4wxJK8zE533Jlb8L8dRuObJFWg2P+AuOIxoCgKF+2Oq4d4Zd0OUA==}
    engines: {node: ^18 || ^20 || >= 21}

  node-api-headers@1.5.0:
    resolution: {integrity: sha512-Yi/FgnN8IU/Cd6KeLxyHkylBUvDTsSScT0Tna2zTrz8klmc8qF2ppj6Q1LHsmOueJWhigQwR4cO2p0XBGW5IaQ==}

  npmlog@6.0.2:
    resolution: {integrity: sha512-/vBvz5Jfr9dT/aFWd0FIRf+T/Q2WBsLENygUaFUqstqsycmZAP/t5BvFJTK0viFmSUxiUKTUplWy5vt+rvKIxg==}
    engines: {node: ^12.13.0 || ^14.15.0 || >=16.0.0}
    deprecated: This package is no longer supported.

  proxy-from-env@1.1.0:
    resolution: {integrity: sha512-D+zkORCbA9f1tdWRK0RaCR3GPv50cMxcrz4X8k5LTSUD1Dkw47mKJEZQNunItRTkWwgtaUSo1RVFRIG9ZXiFYg==}

  rc@1.2.8:
    resolution: {integrity: sha512-y3bGgqKj3QBdxLbLkomlohkvsA8gdAiUQlSBJnBhfn+BPxg4bc62d8TcBW15wavDfgexCgccckhcZvywyQYPOw==}
    hasBin: true

  readable-stream@3.6.2:
    resolution: {integrity: sha512-9u/sniCrY3D5WdsERHzHE4G2YCXqoG5FTHUiCC4SIbr6XcLZBY05ya9EKjYek9O5xOAwjGq+1JdGBAS7Q9ScoA==}
    engines: {node: '>= 6'}

  require-directory@2.1.1:
    resolution: {integrity: sha512-fGxEI7+wsG9xrvdjsrlmL22OMTTiHRwAMroiEeMgq8gzoLC/PQr7RsRDSTLUg/bZAZtF+TVIkHc6/4RIKrui+Q==}
    engines: {node: '>=0.10.0'}

  resolve-pkg-maps@1.0.0:
    resolution: {integrity: sha512-seS2Tj26TBVOC2NIc2rOe2y2ZO7efxITtLZcGSOnHHNOQ7CkiUBfw0Iw2ck6xkIhPwLhKNLS8BO+hEpngQlqzw==}

  safe-buffer@5.2.1:
    resolution: {integrity: sha512-rp3So07KcdmmKbGvgaNxQSJr7bGVSVk5S9Eq1F+ppbRo70+YeaDxkw5Dd8NPN+GD6bjnYm2VuPuCXmpuYvmCXQ==}

  semver@7.7.1:
    resolution: {integrity: sha512-hlq8tAfn0m/61p4BVRcPzIGr6LKiMwo4VM6dGi6pt4qcRkmNzTcWq6eCEjEh+qXjkMDvPlOFFSGwQjoEa6gyMA==}
    engines: {node: '>=10'}
    hasBin: true

  set-blocking@2.0.0:
    resolution: {integrity: sha512-KiKBS8AnWGEyLzofFfmvKwpdPzqiy16LvQfK3yv/fVH7Bj13/wl3JSR1J+rfgRE9q7xUJK4qvgS8raSOeLUehw==}

  signal-exit@3.0.7:
    resolution: {integrity: sha512-wnD2ZE+l+SPC/uoS0vXeE9L1+0wuaMqKlfz9AMUo38JsyLSBWSFcHR1Rri62LZc12vLr1gb3jl7iwQhgwpAbGQ==}

  string-width@4.2.3:
    resolution: {integrity: sha512-wKyQRQpjJ0sIp62ErSZdGsjMJWsap5oRNihHhu6G7JVO/9jIB6UyevL+tXuOqrng8j/cxKTWyWUwvSTriiZz/g==}
    engines: {node: '>=8'}

  string_decoder@1.3.0:
    resolution: {integrity: sha512-hkRX8U1WjJFd8LsDJ2yQ/wWWxaopEsABU1XfkM8A+j0+85JAGppt16cr1Whg6KIbb4okU6Mql6BOj+uup/wKeA==}

  strip-ansi@6.0.1:
    resolution: {integrity: sha512-Y38VPSHcqkFrCpFnQ9vuSXmquuv5oXOKpGeT6aGrr3o3Gc9AlVa6JBfUSOCnbxGGZF+/0ooI7KrPuUSztUdU5A==}
    engines: {node: '>=8'}

  strip-json-comments@2.0.1:
    resolution: {integrity: sha512-4gB8na07fecVVkOI6Rs4e7T6NOTki5EmL7TUduTs6bu3EdnSycntVJ4re8kgZA+wx9IueI2Y11bfbgwtzuE0KQ==}
    engines: {node: '>=0.10.0'}

  tar@6.2.1:
    resolution: {integrity: sha512-DZ4yORTwrbTj/7MZYq2w+/ZFdI6OZ/f9SFHR+71gIVUZhOQPHzVCLpvRnPgyaMpfWxxk/4ONva3GQSyNIKRv6A==}
    engines: {node: '>=10'}

  tsx@4.19.3:
    resolution: {integrity: sha512-4H8vUNGNjQ4V2EOoGw005+c+dGuPSnhpPBPHBtsZdGZBk/iJb4kguGlPWaZTZ3q5nMtFOEsY0nRDlh9PJyd6SQ==}
    engines: {node: '>=18.0.0'}
    hasBin: true

  undici-types@6.19.8:
    resolution: {integrity: sha512-ve2KP6f/JnbPBFyobGHuerC9g1FYGn/F8n1LWTwNxCEzd6IfqTwUQcNXgEtmmQ6DlRrC1hrSrBnCZPokRrDHjw==}

  universalify@2.0.1:
    resolution: {integrity: sha512-gptHNQghINnc/vTGIk0SOFGFNXw7JVrlRUtConJRlvaw6DuX0wO5Jeko9sWrMBhh+PsYAZ7oXAiOnf/UKogyiw==}
    engines: {node: '>= 10.0.0'}

  url-join@4.0.1:
    resolution: {integrity: sha512-jk1+QP6ZJqyOiuEI9AEWQfju/nB2Pw466kbA0LEZljHwKeMgd9WrAEgEGxjPDD2+TNbbb37rTyhEfrCXfuKXnA==}

  util-deprecate@1.0.2:
    resolution: {integrity: sha512-EPD5q1uXyFxJpCrLnCc1nHnq3gOa6DZBocAIiI2TaSCA7VCJ1UJDMagCzIkXNsUYfD1daK//LTEQ8xiIbrHtcw==}

  which@2.0.2:
    resolution: {integrity: sha512-BLI3Tl1TW3Pvl70l3yq3Y64i+awpwXqsGBYWkkqMtnbXgrMD+yj7rhW0kuEDxzJaYXGjEW5ogapKNMEKNMjibA==}
    engines: {node: '>= 8'}
    hasBin: true

  wide-align@1.1.5:
    resolution: {integrity: sha512-eDMORYaPNZ4sQIuuYPDHdQvf4gyCF9rEEV/yPxGfwPkRodwEgiMUUXTx/dex+Me0wxx53S+NgUHaP7y3MGlDmg==}

  wrap-ansi@7.0.0:
    resolution: {integrity: sha512-YVGIj2kamLSTxw6NsZjoBxfSwsn0ycdesmc4p+Q21c5zPuZ1pl+NfxVdxPtdHvmNVOQ6XSYG4AUtyt/Fi7D16Q==}
    engines: {node: '>=10'}

  y18n@5.0.8:
    resolution: {integrity: sha512-0pfFzegeDWJHJIAmTLRP2DwHjdF5s7jo9tuztdQxAhINCdvS+3nGINqPd00AphqJR/0LhANUS6/+7SCb98YOfA==}
    engines: {node: '>=10'}

  yallist@4.0.0:
    resolution: {integrity: sha512-3wdGidZyq5PB084XLES5TpOSRA3wjXAlIWMhum2kRcv/41Sn2emQ0dycQW4uZXLejwKvg6EsvbdlVL+FYEct7A==}

  yargs-parser@21.1.1:
    resolution: {integrity: sha512-tVpsJW7DdjecAiFpbIB1e3qxIQsE6NoPc5/eTdrbbIC4h0LVsWhnoa3g+m2HclBIujHzsxZ4VJVA+GUuc2/LBw==}
    engines: {node: '>=12'}

  yargs@17.7.2:
    resolution: {integrity: sha512-7dSzzRQ++CKnNI/krKnYRV7JKKPUXMEh61soaHKg9mrWEhzFWhFnxPxGl+69cD1Ou63C13NUPCnmIcrvqCuM6w==}
    engines: {node: '>=12'}

snapshots:

  '@esbuild/aix-ppc64@0.25.0':
    optional: true

  '@esbuild/android-arm64@0.25.0':
    optional: true

  '@esbuild/android-arm@0.25.0':
    optional: true

  '@esbuild/android-x64@0.25.0':
    optional: true

  '@esbuild/darwin-arm64@0.25.0':
    optional: true

  '@esbuild/darwin-x64@0.25.0':
    optional: true

  '@esbuild/freebsd-arm64@0.25.0':
    optional: true

  '@esbuild/freebsd-x64@0.25.0':
    optional: true

  '@esbuild/linux-arm64@0.25.0':
    optional: true

  '@esbuild/linux-arm@0.25.0':
    optional: true

  '@esbuild/linux-ia32@0.25.0':
    optional: true

  '@esbuild/linux-loong64@0.25.0':
    optional: true

  '@esbuild/linux-mips64el@0.25.0':
    optional: true

  '@esbuild/linux-ppc64@0.25.0':
    optional: true

  '@esbuild/linux-riscv64@0.25.0':
    optional: true

  '@esbuild/linux-s390x@0.25.0':
    optional: true

  '@esbuild/linux-x64@0.25.0':
    optional: true

  '@esbuild/netbsd-arm64@0.25.0':
    optional: true

  '@esbuild/netbsd-x64@0.25.0':
    optional: true

  '@esbuild/openbsd-arm64@0.25.0':
    optional: true

  '@esbuild/openbsd-x64@0.25.0':
    optional: true

  '@esbuild/sunos-x64@0.25.0':
    optional: true

  '@esbuild/win32-arm64@0.25.0':
    optional: true

  '@esbuild/win32-ia32@0.25.0':
    optional: true

  '@esbuild/win32-x64@0.25.0':
    optional: true

  '@tsconfig/node20@20.1.4': {}

  '@types/node@20.17.22':
    dependencies:
      undici-types: 6.19.8

  ansi-regex@5.0.1: {}

  ansi-styles@4.3.0:
    dependencies:
      color-convert: 2.0.1

  aproba@2.0.0: {}

  are-we-there-yet@3.0.1:
    dependencies:
      delegates: 1.0.0
      readable-stream: 3.6.2

  asynckit@0.4.0: {}

  axios@1.8.1(debug@4.4.0):
    dependencies:
      follow-redirects: 1.15.9(debug@4.4.0)
      form-data: 4.0.2
      proxy-from-env: 1.1.0
    transitivePeerDependencies:
      - debug

  call-bind-apply-helpers@1.0.2:
    dependencies:
      es-errors: 1.3.0
      function-bind: 1.1.2

  chownr@2.0.0: {}

  cliui@8.0.1:
    dependencies:
      string-width: 4.2.3
      strip-ansi: 6.0.1
      wrap-ansi: 7.0.0

  cmake-js@7.3.0:
    dependencies:
      axios: 1.8.1(debug@4.4.0)
      debug: 4.4.0
      fs-extra: 11.3.0
      lodash.isplainobject: 4.0.6
      memory-stream: 1.0.0
      node-api-headers: 1.5.0
      npmlog: 6.0.2
      rc: 1.2.8
      semver: 7.7.1
      tar: 6.2.1
      url-join: 4.0.1
      which: 2.0.2
      yargs: 17.7.2
    transitivePeerDependencies:
      - supports-color

  color-convert@2.0.1:
    dependencies:
      color-name: 1.1.4

  color-name@1.1.4: {}

  color-support@1.1.3: {}

  combined-stream@1.0.8:
    dependencies:
      delayed-stream: 1.0.0

  console-control-strings@1.1.0: {}

  debug@4.4.0:
    dependencies:
      ms: 2.1.3

  deep-extend@0.6.0: {}

  delayed-stream@1.0.0: {}

  delegates@1.0.0: {}

  dunder-proto@1.0.1:
    dependencies:
      call-bind-apply-helpers: 1.0.2
      es-errors: 1.3.0
      gopd: 1.2.0

  emoji-regex@8.0.0: {}

  es-define-property@1.0.1: {}

  es-errors@1.3.0: {}

  es-object-atoms@1.1.1:
    dependencies:
      es-errors: 1.3.0

  es-set-tostringtag@2.1.0:
    dependencies:
      es-errors: 1.3.0
      get-intrinsic: 1.3.0
      has-tostringtag: 1.0.2
      hasown: 2.0.2

  esbuild@0.25.0:
    optionalDependencies:
      '@esbuild/aix-ppc64': 0.25.0
      '@esbuild/android-arm': 0.25.0
      '@esbuild/android-arm64': 0.25.0
      '@esbuild/android-x64': 0.25.0
      '@esbuild/darwin-arm64': 0.25.0
      '@esbuild/darwin-x64': 0.25.0
      '@esbuild/freebsd-arm64': 0.25.0
      '@esbuild/freebsd-x64': 0.25.0
      '@esbuild/linux-arm': 0.25.0
      '@esbuild/linux-arm64': 0.25.0
      '@esbuild/linux-ia32': 0.25.0
      '@esbuild/linux-loong64': 0.25.0
      '@esbuild/linux-mips64el': 0.25.0
      '@esbuild/linux-ppc64': 0.25.0
      '@esbuild/linux-riscv64': 0.25.0
      '@esbuild/linux-s390x': 0.25.0
      '@esbuild/linux-x64': 0.25.0
      '@esbuild/netbsd-arm64': 0.25.0
      '@esbuild/netbsd-x64': 0.25.0
      '@esbuild/openbsd-arm64': 0.25.0
      '@esbuild/openbsd-x64': 0.25.0
      '@esbuild/sunos-x64': 0.25.0
      '@esbuild/win32-arm64': 0.25.0
      '@esbuild/win32-ia32': 0.25.0
      '@esbuild/win32-x64': 0.25.0

  escalade@3.2.0: {}

  follow-redirects@1.15.9(debug@4.4.0):
    optionalDependencies:
      debug: 4.4.0

  form-data@4.0.2:
    dependencies:
      asynckit: 0.4.0
      combined-stream: 1.0.8
      es-set-tostringtag: 2.1.0
      mime-types: 2.1.35

  fs-extra@11.3.0:
    dependencies:
      graceful-fs: 4.2.11
      jsonfile: 6.1.0
      universalify: 2.0.1

  fs-minipass@2.1.0:
    dependencies:
      minipass: 3.3.6

  fsevents@2.3.3:
    optional: true

  function-bind@1.1.2: {}

  gauge@4.0.4:
    dependencies:
      aproba: 2.0.0
      color-support: 1.1.3
      console-control-strings: 1.1.0
      has-unicode: 2.0.1
      signal-exit: 3.0.7
      string-width: 4.2.3
      strip-ansi: 6.0.1
      wide-align: 1.1.5

  get-caller-file@2.0.5: {}

  get-intrinsic@1.3.0:
    dependencies:
      call-bind-apply-helpers: 1.0.2
      es-define-property: 1.0.1
      es-errors: 1.3.0
      es-object-atoms: 1.1.1
      function-bind: 1.1.2
      get-proto: 1.0.1
      gopd: 1.2.0
      has-symbols: 1.1.0
      hasown: 2.0.2
      math-intrinsics: 1.1.0

  get-proto@1.0.1:
    dependencies:
      dunder-proto: 1.0.1
      es-object-atoms: 1.1.1

  get-tsconfig@4.10.0:
    dependencies:
      resolve-pkg-maps: 1.0.0

  gopd@1.2.0: {}

  graceful-fs@4.2.11: {}

  has-symbols@1.1.0: {}

  has-tostringtag@1.0.2:
    dependencies:
      has-symbols: 1.1.0

  has-unicode@2.0.1: {}

  hasown@2.0.2:
    dependencies:
      function-bind: 1.1.2

  inherits@2.0.4: {}

  ini@1.3.8: {}

  is-fullwidth-code-point@3.0.0: {}

  isexe@2.0.0: {}

  jsonfile@6.1.0:
    dependencies:
      universalify: 2.0.1
    optionalDependencies:
      graceful-fs: 4.2.11

  lodash.isplainobject@4.0.6: {}

  math-intrinsics@1.1.0: {}

  memory-stream@1.0.0:
    dependencies:
      readable-stream: 3.6.2

  mime-db@1.52.0: {}

  mime-types@2.1.35:
    dependencies:
      mime-db: 1.52.0

  minimist@1.2.8: {}

  minipass@3.3.6:
    dependencies:
      yallist: 4.0.0

  minipass@5.0.0: {}

  minizlib@2.1.2:
    dependencies:
      minipass: 3.3.6
      yallist: 4.0.0

  mkdirp@1.0.4: {}

  ms@2.1.3: {}

  node-addon-api@8.3.1: {}

  node-api-headers@1.5.0: {}

  npmlog@6.0.2:
    dependencies:
      are-we-there-yet: 3.0.1
      console-control-strings: 1.1.0
      gauge: 4.0.4
      set-blocking: 2.0.0

  proxy-from-env@1.1.0: {}

  rc@1.2.8:
    dependencies:
      deep-extend: 0.6.0
      ini: 1.3.8
      minimist: 1.2.8
      strip-json-comments: 2.0.1

  readable-stream@3.6.2:
    dependencies:
      inherits: 2.0.4
      string_decoder: 1.3.0
      util-deprecate: 1.0.2

  require-directory@2.1.1: {}

  resolve-pkg-maps@1.0.0: {}

  safe-buffer@5.2.1: {}

  semver@7.7.1: {}

  set-blocking@2.0.0: {}

  signal-exit@3.0.7: {}

  string-width@4.2.3:
    dependencies:
      emoji-regex: 8.0.0
      is-fullwidth-code-point: 3.0.0
      strip-ansi: 6.0.1

  string_decoder@1.3.0:
    dependencies:
      safe-buffer: 5.2.1

  strip-ansi@6.0.1:
    dependencies:
      ansi-regex: 5.0.1

  strip-json-comments@2.0.1: {}

  tar@6.2.1:
    dependencies:
      chownr: 2.0.0
      fs-minipass: 2.1.0
      minipass: 5.0.0
      minizlib: 2.1.2
      mkdirp: 1.0.4
      yallist: 4.0.0

  tsx@4.19.3:
    dependencies:
      esbuild: 0.25.0
      get-tsconfig: 4.10.0
    optionalDependencies:
      fsevents: 2.3.3

  undici-types@6.19.8: {}

  universalify@2.0.1: {}

  url-join@4.0.1: {}

  util-deprecate@1.0.2: {}

  which@2.0.2:
    dependencies:
      isexe: 2.0.0

  wide-align@1.1.5:
    dependencies:
      string-width: 4.2.3

  wrap-ansi@7.0.0:
    dependencies:
      ansi-styles: 4.3.0
      string-width: 4.2.3
      strip-ansi: 6.0.1

  y18n@5.0.8: {}

  yallist@4.0.0: {}

  yargs-parser@21.1.1: {}

  yargs@17.7.2:
    dependencies:
      cliui: 8.0.1
      escalade: 3.2.0
      get-caller-file: 2.0.5
      require-directory: 2.1.1
      string-width: 4.2.3
      y18n: 5.0.8
      yargs-parser: 21.1.1
