Microsoft Visual Studio Solution File, Format Version 12.00
# Visual Studio Version 17
VisualStudioVersion = 17.6.33723.286
MinimumVisualStudioVersion = 10.0.40219.1
Project("{2150E333-8FDC-42A3-9474-1A3956D46DE8}") = "Solution Items", "Solution Items", "{11F02235-5785-408B-9651-8A4B41FF36F4}"
	ProjectSection(SolutionItems) = preProject
		.editorconfig = .editorconfig
	EndProjectSection
EndProject
Project("{8BC9CEB8-8B4A-11D0-8D11-00A0C91BC942}") = "Sample", "sample\cpp\MaaSample.vcxproj", "{63B4F1A2-291C-4C85-91E1-A1F6DAE30D64}"
	ProjectSection(ProjectDependencies) = postProject
		{56FC5B20-B981-4737-80B5-EFA6701CD2F0} = {56FC5B20-B981-4737-80B5-EFA6701CD2F0}
		{362D1E30-F5AE-4279-9985-65C27B3BA300} = {362D1E30-F5AE-4279-9985-65C27B3BA300}
	EndProjectSection
EndProject
Project("{8BC9CEB8-8B4A-11D0-8D11-00A0C91BC942}") = "MaaFramework", "source\MaaFramework\MaaFramework.vcxproj", "{362D1E30-F5AE-4279-9985-65C27B3BA300}"
	ProjectSection(ProjectDependencies) = postProject
		{27862F0F-109D-40C8-B48B-9461D15222E3} = {27862F0F-109D-40C8-B48B-9461D15222E3}
		{DD48546D-48D4-4C84-BAC4-6126D0B5BFB3} = {DD48546D-48D4-4C84-BAC4-6126D0B5BFB3}
	EndProjectSection
EndProject
Project("{8BC9CEB8-8B4A-11D0-8D11-00A0C91BC942}") = "MaaAdbControlUnit", "source\MaaAdbControlUnit\MaaAdbControlUnit.vcxproj", "{DD48546D-48D4-4C84-BAC4-6126D0B5BFB3}"
	ProjectSection(ProjectDependencies) = postProject
		{27862F0F-109D-40C8-B48B-9461D15222E3} = {27862F0F-109D-40C8-B48B-9461D15222E3}
	EndProjectSection
EndProject
Project("{8BC9CEB8-8B4A-11D0-8D11-00A0C91BC942}") = "MaaUtils", "source\MaaUtils\MaaUtils.vcxproj", "{27862F0F-109D-40C8-B48B-9461D15222E3}"
EndProject
Project("{8BC9CEB8-8B4A-11D0-8D11-00A0C91BC942}") = "MaaToolKit", "source\MaaToolKit\MaaToolKit.vcxproj", "{56FC5B20-B981-4737-80B5-EFA6701CD2F0}"
	ProjectSection(ProjectDependencies) = postProject
		{27862F0F-109D-40C8-B48B-9461D15222E3} = {27862F0F-109D-40C8-B48B-9461D15222E3}
		{362D1E30-F5AE-4279-9985-65C27B3BA300} = {362D1E30-F5AE-4279-9985-65C27B3BA300}
		{DD48546D-48D4-4C84-BAC4-6126D0B5BFB3} = {DD48546D-48D4-4C84-BAC4-6126D0B5BFB3}
	EndProjectSection
EndProject
Global
	GlobalSection(SolutionConfigurationPlatforms) = preSolution
		Debug|x64 = Debug|x64
		DebWithRelDeps|x64 = DebWithRelDeps|x64
		Release|x64 = Release|x64
	EndGlobalSection
	GlobalSection(ProjectConfigurationPlatforms) = postSolution
		{63B4F1A2-291C-4C85-91E1-A1F6DAE30D64}.Debug|x64.ActiveCfg = Debug|x64
		{63B4F1A2-291C-4C85-91E1-A1F6DAE30D64}.Debug|x64.Build.0 = Debug|x64
		{63B4F1A2-291C-4C85-91E1-A1F6DAE30D64}.DebWithRelDeps|x64.ActiveCfg = DebWithRelDeps|x64
		{63B4F1A2-291C-4C85-91E1-A1F6DAE30D64}.DebWithRelDeps|x64.Build.0 = DebWithRelDeps|x64
		{63B4F1A2-291C-4C85-91E1-A1F6DAE30D64}.Release|x64.ActiveCfg = Release|x64
		{362D1E30-F5AE-4279-9985-65C27B3BA300}.Debug|x64.ActiveCfg = Debug|x64
		{362D1E30-F5AE-4279-9985-65C27B3BA300}.Debug|x64.Build.0 = Debug|x64
		{362D1E30-F5AE-4279-9985-65C27B3BA300}.DebWithRelDeps|x64.ActiveCfg = DebWithRelDeps|x64
		{362D1E30-F5AE-4279-9985-65C27B3BA300}.DebWithRelDeps|x64.Build.0 = DebWithRelDeps|x64
		{362D1E30-F5AE-4279-9985-65C27B3BA300}.Release|x64.ActiveCfg = Release|x64
		{362D1E30-F5AE-4279-9985-65C27B3BA300}.Release|x64.Build.0 = Release|x64
		{DD48546D-48D4-4C84-BAC4-6126D0B5BFB3}.Debug|x64.ActiveCfg = Debug|x64
		{DD48546D-48D4-4C84-BAC4-6126D0B5BFB3}.Debug|x64.Build.0 = Debug|x64
		{DD48546D-48D4-4C84-BAC4-6126D0B5BFB3}.DebWithRelDeps|x64.ActiveCfg = DebWithRelDeps|x64
		{DD48546D-48D4-4C84-BAC4-6126D0B5BFB3}.DebWithRelDeps|x64.Build.0 = DebWithRelDeps|x64
		{DD48546D-48D4-4C84-BAC4-6126D0B5BFB3}.Release|x64.ActiveCfg = Release|x64
		{DD48546D-48D4-4C84-BAC4-6126D0B5BFB3}.Release|x64.Build.0 = Release|x64
		{27862F0F-109D-40C8-B48B-9461D15222E3}.Debug|x64.ActiveCfg = Debug|x64
		{27862F0F-109D-40C8-B48B-9461D15222E3}.Debug|x64.Build.0 = Debug|x64
		{27862F0F-109D-40C8-B48B-9461D15222E3}.DebWithRelDeps|x64.ActiveCfg = DebWithRelDeps|x64
		{27862F0F-109D-40C8-B48B-9461D15222E3}.DebWithRelDeps|x64.Build.0 = DebWithRelDeps|x64
		{27862F0F-109D-40C8-B48B-9461D15222E3}.Release|x64.ActiveCfg = Release|x64
		{27862F0F-109D-40C8-B48B-9461D15222E3}.Release|x64.Build.0 = Release|x64
		{56FC5B20-B981-4737-80B5-EFA6701CD2F0}.Debug|x64.ActiveCfg = Debug|x64
		{56FC5B20-B981-4737-80B5-EFA6701CD2F0}.Debug|x64.Build.0 = Debug|x64
		{56FC5B20-B981-4737-80B5-EFA6701CD2F0}.DebWithRelDeps|x64.ActiveCfg = DebWithRelDeps|x64
		{56FC5B20-B981-4737-80B5-EFA6701CD2F0}.DebWithRelDeps|x64.Build.0 = DebWithRelDeps|x64
		{56FC5B20-B981-4737-80B5-EFA6701CD2F0}.Release|x64.ActiveCfg = Release|x64
		{56FC5B20-B981-4737-80B5-EFA6701CD2F0}.Release|x64.Build.0 = Release|x64
	EndGlobalSection
	GlobalSection(SolutionProperties) = preSolution
		HideSolutionNode = FALSE
	EndGlobalSection
	GlobalSection(ExtensibilityGlobals) = postSolution
		SolutionGuid = {4F2C0E4B-4FE9-47C6-A878-6BD2FAD8B9B2}
	EndGlobalSection
EndGlobal
