<?xml version="1.0" encoding="utf-8"?>
<Project ToolsVersion="4.0" xmlns="http://schemas.microsoft.com/developer/msbuild/2003">
  <ItemGroup>
    <ClCompile Include="Logger\Logger.cpp">
      <Filter>Source\Logger</Filter>
    </ClCompile>
    <ClCompile Include="Platform\PlatformLinux.cpp">
      <Filter>Source\Platform</Filter>
    </ClCompile>
    <ClCompile Include="Platform\PlatformMacOS.cpp">
      <Filter>Source\Platform</Filter>
    </ClCompile>
    <ClCompile Include="Platform\PlatformPosix.cpp">
      <Filter>Source\Platform</Filter>
    </ClCompile>
    <ClCompile Include="Platform\PlatformWin32.cpp">
      <Filter>Source\Platform</Filter>
    </ClCompile>
  </ItemGroup>
  <ItemGroup>
    <Filter Include="Source">
      <UniqueIdentifier>{64f33cc0-fb5d-4c88-8d01-17b4ad90d95e}</UniqueIdentifier>
    </Filter>
    <Filter Include="Source\Logger">
      <UniqueIdentifier>{1cec177a-94b2-4f54-95d9-da207d70f90e}</UniqueIdentifier>
    </Filter>
    <Filter Include="Source\Platform">
      <UniqueIdentifier>{850e87a3-7489-4269-8bef-6dcaa5843b9f}</UniqueIdentifier>
    </Filter>
  </ItemGroup>
  <ItemGroup>
    <ClInclude Include="..\include\Utils\ArgvWrapper.hpp" />
    <ClInclude Include="..\include\Utils\Boost.hpp" />
    <ClInclude Include="..\include\Utils\Demangle.hpp" />
    <ClInclude Include="..\include\Utils\File.hpp" />
    <ClInclude Include="..\include\Utils\Format.hpp" />
    <ClInclude Include="..\include\Utils\ImageIo.h" />
    <ClInclude Include="..\include\Utils\Locale.hpp" />
    <ClInclude Include="..\include\Utils\Logger.h" />
    <ClInclude Include="..\include\Utils\NonCopyable.hpp" />
    <ClInclude Include="..\include\Utils\NoWarningCV.hpp" />
    <ClInclude Include="..\include\Utils\NoWarningCVMat.hpp" />
    <ClInclude Include="..\include\Utils\Platform.h" />
    <ClInclude Include="..\include\Utils\Ranges.hpp" />
    <ClInclude Include="..\include\Utils\SafeWindows.hpp" />
    <ClInclude Include="..\include\Utils\SingletonHolder.hpp" />
    <ClInclude Include="..\include\Utils\StringMisc.hpp" />
    <ClInclude Include="..\include\Utils\Time.hpp" />
  </ItemGroup>
</Project>