<?xml version="1.0" encoding="utf-8"?>
<Project ToolsVersion="4.0" xmlns="http://schemas.microsoft.com/developer/msbuild/2003">
  <ItemGroup>
    <Filter Include="Include">
      <UniqueIdentifier>{c3ebc635-47cc-4750-b219-bc7f664ffb75}</UniqueIdentifier>
    </Filter>
    <Filter Include="Source">
      <UniqueIdentifier>{ea22369f-0c0f-48f7-9356-850065862963}</UniqueIdentifier>
    </Filter>
    <Filter Include="Source\Common">
      <UniqueIdentifier>{9e63ad3d-d995-4cd5-acce-f0d75eb58ef1}</UniqueIdentifier>
    </Filter>
    <Filter Include="Source\Instance">
      <UniqueIdentifier>{f4ccf9b4-449c-4060-b567-330712d3135f}</UniqueIdentifier>
    </Filter>
    <Filter Include="Source\Resource">
      <UniqueIdentifier>{2df709e0-7475-4cd4-87bd-f0675f898f63}</UniqueIdentifier>
    </Filter>
    <Filter Include="Source\Controller">
      <UniqueIdentifier>{6e391dc1-ad59-4ae3-925b-b5f5980927be}</UniqueIdentifier>
    </Filter>
    <Filter Include="Source\Vision">
      <UniqueIdentifier>{dac8190f-d88e-4f99-953b-1530a18d6c50}</UniqueIdentifier>
    </Filter>
    <Filter Include="Source\Task">
      <UniqueIdentifier>{5727ed05-c3dc-4c47-9dde-7f10a450b08c}</UniqueIdentifier>
    </Filter>
    <Filter Include="Source\Utils">
      <UniqueIdentifier>{4a70ba3f-91ed-42d2-92dd-892f2d97929c}</UniqueIdentifier>
    </Filter>
    <Filter Include="Source\Base">
      <UniqueIdentifier>{12797767-44fd-4da8-a4cd-bdc75190adf4}</UniqueIdentifier>
    </Filter>
    <Filter Include="Source\API">
      <UniqueIdentifier>{5d5c3d80-dbca-4b8c-a8dc-41fba1acc500}</UniqueIdentifier>
    </Filter>
    <Filter Include="Source\GlobalOption">
      <UniqueIdentifier>{fe669fc4-8884-469a-b9f6-7c84f37bfb26}</UniqueIdentifier>
    </Filter>
    <Filter Include="Source\Utils\Platform">
      <UniqueIdentifier>{8a0f5e47-e09b-4f1b-aa5a-112f945c7a4b}</UniqueIdentifier>
    </Filter>
  </ItemGroup>
  <ItemGroup>
    <ClInclude Include="..\include\MaaAPI.h">
      <Filter>Include</Filter>
    </ClInclude>
    <ClInclude Include="..\include\MaaPort.h">
      <Filter>Include</Filter>
    </ClInclude>
    <ClInclude Include="..\include\MaaDef.h">
      <Filter>Include</Filter>
    </ClInclude>
    <ClInclude Include="..\include\MaaMsg.h">
      <Filter>Include</Filter>
    </ClInclude>
    <ClInclude Include="Common\MaaConf.h">
      <Filter>Source\Common</Filter>
    </ClInclude>
    <ClInclude Include="Controller\ControllerMgr.h">
      <Filter>Source\Controller</Filter>
    </ClInclude>
    <ClInclude Include="Instance\InstanceMgr.h">
      <Filter>Source\Instance</Filter>
    </ClInclude>
    <ClInclude Include="Resource\ResourceMgr.h">
      <Filter>Source\Resource</Filter>
    </ClInclude>
    <ClInclude Include="Utils\Platform.hpp">
      <Filter>Source\Utils</Filter>
    </ClInclude>
    <ClInclude Include="Utils\Ranges.hpp">
      <Filter>Source\Utils</Filter>
    </ClInclude>
    <ClInclude Include="Utils\StringMisc.hpp">
      <Filter>Source\Utils</Filter>
    </ClInclude>
    <ClInclude Include="Utils\Time.hpp">
      <Filter>Source\Utils</Filter>
    </ClInclude>
    <ClInclude Include="Utils\ArgvWrapper.hpp">
      <Filter>Source\Utils</Filter>
    </ClInclude>
    <ClInclude Include="Utils\Demangle.hpp">
      <Filter>Source\Utils</Filter>
    </ClInclude>
    <ClInclude Include="Utils\File.hpp">
      <Filter>Source\Utils</Filter>
    </ClInclude>
    <ClInclude Include="Utils\ImageIo.hpp">
      <Filter>Source\Utils</Filter>
    </ClInclude>
    <ClInclude Include="Utils\NoWarningCVMat.h">
      <Filter>Source\Utils</Filter>
    </ClInclude>
    <ClInclude Include="Utils\NoWarningCV.h">
      <Filter>Source\Utils</Filter>
    </ClInclude>
    <ClInclude Include="Controller\AdbController.h">
      <Filter>Source\Controller</Filter>
    </ClInclude>
    <ClInclude Include="Utils\Locale.hpp">
      <Filter>Source\Utils</Filter>
    </ClInclude>
    <ClInclude Include="Task\PipelineTask.h">
      <Filter>Source\Task</Filter>
    </ClInclude>
    <ClInclude Include="Resource\PipelineTypes.h">
      <Filter>Source\Task</Filter>
    </ClInclude>
    <ClInclude Include="Resource\PipelineConfig.h">
      <Filter>Source\Resource</Filter>
    </ClInclude>
    <ClInclude Include="Task\TaskBase.h">
      <Filter>Source\Task</Filter>
    </ClInclude>
    <ClInclude Include="Base\AsyncRunner.hpp">
      <Filter>Source\Base</Filter>
    </ClInclude>
    <ClInclude Include="Base\SingletonHolder.hpp">
      <Filter>Source\Base</Filter>
    </ClInclude>
    <ClInclude Include="..\include\MaaCustomController.h">
      <Filter>Include</Filter>
    </ClInclude>
    <ClInclude Include="Controller\CustomController.h">
      <Filter>Source\Controller</Filter>
    </ClInclude>
    <ClInclude Include="Option\GlobalOptionMgr.h">
      <Filter>Source\GlobalOption</Filter>
    </ClInclude>
    <ClInclude Include="Base\NonCopyable.hpp">
      <Filter>Source\Base</Filter>
    </ClInclude>
    <ClInclude Include="Instance\InstanceInternalAPI.hpp">
      <Filter>Source\Instance</Filter>
    </ClInclude>
    <ClInclude Include="Common\MaaTypes.h">
      <Filter>Source\Common</Filter>
    </ClInclude>
    <ClInclude Include="Instance\InstanceStatus.h">
      <Filter>Source\Instance</Filter>
    </ClInclude>
    <ClInclude Include="Vision\Matcher.h">
      <Filter>Source\Vision</Filter>
    </ClInclude>
    <ClInclude Include="Vision\VisionBase.h">
      <Filter>Source\Vision</Filter>
    </ClInclude>
    <ClInclude Include="Vision\VisionUtils.hpp">
      <Filter>Source\Vision</Filter>
    </ClInclude>
    <ClInclude Include="Vision\VisionTypes.h">
      <Filter>Source\Vision</Filter>
    </ClInclude>
    <ClInclude Include="Resource\OCRConfig.h">
      <Filter>Source\Resource</Filter>
    </ClInclude>
    <ClInclude Include="Resource\TemplateConfig.h">
      <Filter>Source\Resource</Filter>
    </ClInclude>
    <ClInclude Include="Utils\Math.hpp">
      <Filter>Source\Utils</Filter>
    </ClInclude>
    <ClInclude Include="Utils\TempPath.hpp">
      <Filter>Source\Utils</Filter>
    </ClInclude>
    <ClInclude Include="Utils\Platform\PlatformImpl.hpp">
      <Filter>Source\Utils\Platform</Filter>
    </ClInclude>
    <ClInclude Include="Utils\Platform\SafeWindows.h">
      <Filter>Source\Utils\Platform</Filter>
    </ClInclude>
    <ClInclude Include="Vision\OCRer.h">
      <Filter>Source\Vision</Filter>
    </ClInclude>
    <ClInclude Include="Base\MessageNotifier.hpp">
      <Filter>Source\Base</Filter>
    </ClInclude>
    <ClInclude Include="Vision\Comparator.h" />
  </ItemGroup>
  <ItemGroup>
    <ClCompile Include="Controller\ControllerMgr.cpp">
      <Filter>Source\Controller</Filter>
    </ClCompile>
    <ClCompile Include="Instance\InstanceMgr.cpp">
      <Filter>Source\Instance</Filter>
    </ClCompile>
    <ClCompile Include="Resource\ResourceMgr.cpp">
      <Filter>Source\Resource</Filter>
    </ClCompile>
    <ClCompile Include="Controller\AdbController.cpp">
      <Filter>Source\Controller</Filter>
    </ClCompile>
    <ClCompile Include="Task\PipelineTask.cpp">
      <Filter>Source\Task</Filter>
    </ClCompile>
    <ClCompile Include="Resource\PipelineConfig.cpp">
      <Filter>Source\Resource</Filter>
    </ClCompile>
    <ClCompile Include="API\MaaAPI.cpp">
      <Filter>Source\API</Filter>
    </ClCompile>
    <ClCompile Include="Controller\CustomController.cpp">
      <Filter>Source\Controller</Filter>
    </ClCompile>
    <ClCompile Include="Option\GlobalOptionMgr.cpp">
      <Filter>Source\GlobalOption</Filter>
    </ClCompile>
    <ClCompile Include="Instance\InstanceStatus.cpp">
      <Filter>Source\Instance</Filter>
    </ClCompile>
    <ClCompile Include="Vision\Matcher.cpp">
      <Filter>Source\Vision</Filter>
    </ClCompile>
    <ClCompile Include="Vision\VisionBase.cpp">
      <Filter>Source\Vision</Filter>
    </ClCompile>
    <ClCompile Include="Resource\TemplateConfig.cpp">
      <Filter>Source\Resource</Filter>
    </ClCompile>
    <ClCompile Include="Resource\OCRConfig.cpp">
      <Filter>Source\Resource</Filter>
    </ClCompile>
    <ClCompile Include="Vision\OCRer.cpp">
      <Filter>Source\Vision</Filter>
    </ClCompile>
    <ClCompile Include="Task\TaskBase.cpp" />
    <ClCompile Include="Vision\Comparator.cpp" />
  </ItemGroup>
</Project>