<?xml version="1.0" encoding="utf-8"?>
<Project ToolsVersion="4.0" xmlns="http://schemas.microsoft.com/developer/msbuild/2003">
  <ItemGroup>
    <Filter Include="源文件">
      <UniqueIdentifier>{ea22369f-0c0f-48f7-9356-850065862963}</UniqueIdentifier>
    </Filter>
    <Filter Include="源文件\Common">
      <UniqueIdentifier>{9e63ad3d-d995-4cd5-acce-f0d75eb58ef1}</UniqueIdentifier>
    </Filter>
    <Filter Include="源文件\Instance">
      <UniqueIdentifier>{f4ccf9b4-449c-4060-b567-330712d3135f}</UniqueIdentifier>
    </Filter>
    <Filter Include="源文件\Resource">
      <UniqueIdentifier>{2df709e0-7475-4cd4-87bd-f0675f898f63}</UniqueIdentifier>
    </Filter>
    <Filter Include="源文件\Controller">
      <UniqueIdentifier>{6e391dc1-ad59-4ae3-925b-b5f5980927be}</UniqueIdentifier>
    </Filter>
    <Filter Include="源文件\Vision">
      <UniqueIdentifier>{dac8190f-d88e-4f99-953b-1530a18d6c50}</UniqueIdentifier>
    </Filter>
    <Filter Include="源文件\Task">
      <UniqueIdentifier>{5727ed05-c3dc-4c47-9dde-7f10a450b08c}</UniqueIdentifier>
    </Filter>
    <Filter Include="资源文件">
      <UniqueIdentifier>{67DA6AB6-F800-4c08-8B7A-83BB121AAD01}</UniqueIdentifier>
      <Extensions>rc;ico;cur;bmp;dlg;rc2;rct;bin;rgs;gif;jpg;jpeg;jpe;resx;tiff;tif;png;wav;mfcribbon-ms</Extensions>
    </Filter>
    <Filter Include="头文件">
      <UniqueIdentifier>{c3ebc635-47cc-4750-b219-bc7f664ffb75}</UniqueIdentifier>
    </Filter>
    <Filter Include="源文件\Utils">
      <UniqueIdentifier>{4a70ba3f-91ed-42d2-92dd-892f2d97929c}</UniqueIdentifier>
    </Filter>
    <Filter Include="源文件\Utils\Platform">
      <UniqueIdentifier>{9349568b-d1d8-40ea-b55a-a240e5fe89f8}</UniqueIdentifier>
    </Filter>
    <Filter Include="源文件\Option">
      <UniqueIdentifier>{9e58b788-5688-48de-92ef-06fb6f24c4c4}</UniqueIdentifier>
    </Filter>
    <Filter Include="源文件\Controller\Platform">
      <UniqueIdentifier>{01203b96-9d02-4850-86fc-e2877c547815}</UniqueIdentifier>
    </Filter>
  </ItemGroup>
  <ItemGroup>
    <ClInclude Include="..\include\MaaAPI.h">
      <Filter>头文件</Filter>
    </ClInclude>
    <ClInclude Include="..\include\MaaPort.h">
      <Filter>头文件</Filter>
    </ClInclude>
    <ClInclude Include="..\include\MaaDef.h">
      <Filter>头文件</Filter>
    </ClInclude>
    <ClInclude Include="Common\MaaTypes.h">
      <Filter>源文件\Common</Filter>
    </ClInclude>
    <ClInclude Include="Common\MaaMsg.h">
      <Filter>源文件\Common</Filter>
    </ClInclude>
    <ClInclude Include="Common\MaaConf.h">
      <Filter>源文件\Common</Filter>
    </ClInclude>
    <ClInclude Include="Controller\ControllerMgr.h">
      <Filter>源文件\Controller</Filter>
    </ClInclude>
    <ClInclude Include="Instance\InstanceMgr.h">
      <Filter>源文件\Instance</Filter>
    </ClInclude>
    <ClInclude Include="Resource\ResourceMgr.h">
      <Filter>源文件\Resource</Filter>
    </ClInclude>
    <ClInclude Include="Utils\Platform.hpp">
      <Filter>源文件\Utils</Filter>
    </ClInclude>
    <ClInclude Include="Utils\Platform\Platform.h">
      <Filter>源文件\Utils\Platform</Filter>
    </ClInclude>
    <ClInclude Include="Utils\Platform\PlatformPosix.h">
      <Filter>源文件\Utils\Platform</Filter>
    </ClInclude>
    <ClInclude Include="Utils\Platform\PlatformWin32.h">
      <Filter>源文件\Utils\Platform</Filter>
    </ClInclude>
    <ClInclude Include="Utils\Ranges.hpp">
      <Filter>源文件\Utils</Filter>
    </ClInclude>
    <ClInclude Include="Utils\StringMisc.hpp">
      <Filter>源文件\Utils</Filter>
    </ClInclude>
    <ClInclude Include="Utils\Time.hpp">
      <Filter>源文件\Utils</Filter>
    </ClInclude>
    <ClInclude Include="Utils\Platform\SafeWindows.h">
      <Filter>源文件\Utils\Platform</Filter>
    </ClInclude>
    <ClInclude Include="Utils\Demangle.hpp">
      <Filter>源文件\Utils</Filter>
    </ClInclude>
    <ClInclude Include="Utils\File.hpp">
      <Filter>源文件\Utils</Filter>
    </ClInclude>
    <ClInclude Include="Utils\ImageIo.hpp">
      <Filter>源文件\Utils</Filter>
    </ClInclude>
    <ClInclude Include="Utils\NoWarningCVMat.h">
      <Filter>源文件\Utils</Filter>
    </ClInclude>
    <ClInclude Include="Utils\NoWarningCPR.h">
      <Filter>源文件\Utils</Filter>
    </ClInclude>
    <ClInclude Include="Utils\NoWarningCV.h">
      <Filter>源文件\Utils</Filter>
    </ClInclude>
    <ClInclude Include="Controller\AdbController.h">
      <Filter>源文件\Controller</Filter>
    </ClInclude>
    <ClInclude Include="Controller\MaatouchController.h">
      <Filter>源文件\Controller</Filter>
    </ClInclude>
    <ClInclude Include="Controller\MinitouchController.h">
      <Filter>源文件\Controller</Filter>
    </ClInclude>
    <ClInclude Include="Common\MaaOptions.h">
      <Filter>源文件\Common</Filter>
    </ClInclude>
    <ClInclude Include="Option\GlobalOption.h">
      <Filter>源文件\Option</Filter>
    </ClInclude>
    <ClInclude Include="Utils\Locale.hpp">
      <Filter>源文件\Utils</Filter>
    </ClInclude>
    <ClInclude Include="Utils\Logger.hpp">
      <Filter>源文件\Utils</Filter>
    </ClInclude>
    <ClInclude Include="Controller\PlayToolsController.h">
      <Filter>源文件\Controller</Filter>
    </ClInclude>
    <ClInclude Include="Utils\SingletonHolder.hpp">
      <Filter>源文件\Utils</Filter>
    </ClInclude>
    <ClInclude Include="Controller\Platform\Win32IO.h">
      <Filter>源文件\Controller\Platform</Filter>
    </ClInclude>
    <ClInclude Include="Controller\Platform\PlatformIO.h">
      <Filter>源文件\Controller\Platform</Filter>
    </ClInclude>
    <ClInclude Include="Utils\AsyncRunner.hpp">
      <Filter>源文件\Utils</Filter>
    </ClInclude>
    <ClInclude Include="Controller\Platform\AdbLiteIO.h">
      <Filter>源文件\Controller\Platform</Filter>
    </ClInclude>
  </ItemGroup>
  <ItemGroup>
    <ClCompile Include="Controller\ControllerMgr.cpp">
      <Filter>源文件\Controller</Filter>
    </ClCompile>
    <ClCompile Include="Instance\InstanceMgr.cpp">
      <Filter>源文件\Instance</Filter>
    </ClCompile>
    <ClCompile Include="Resource\ResourceMgr.cpp">
      <Filter>源文件\Resource</Filter>
    </ClCompile>
    <ClCompile Include="MaaAPI.cpp">
      <Filter>源文件</Filter>
    </ClCompile>
    <ClCompile Include="Utils\Platform\PlatformPosix.cpp">
      <Filter>源文件\Utils\Platform</Filter>
    </ClCompile>
    <ClCompile Include="Utils\Platform\PlatformWin32.cpp">
      <Filter>源文件\Utils\Platform</Filter>
    </ClCompile>
    <ClCompile Include="Controller\AdbController.cpp">
      <Filter>源文件\Controller</Filter>
    </ClCompile>
    <ClCompile Include="Controller\MaatouchController.cpp">
      <Filter>源文件\Controller</Filter>
    </ClCompile>
    <ClCompile Include="Controller\MinitouchController.cpp">
      <Filter>源文件\Controller</Filter>
    </ClCompile>
    <ClCompile Include="Option\GlobalOption.cpp">
      <Filter>源文件\Option</Filter>
    </ClCompile>
    <ClCompile Include="Controller\PlayToolsController.cpp">
      <Filter>源文件\Controller</Filter>
    </ClCompile>
    <ClCompile Include="Controller\Platform\Win32IO.cpp">
      <Filter>源文件\Controller\Platform</Filter>
    </ClCompile>
    <ClCompile Include="Utils\AsyncRunner.cpp">
      <Filter>源文件\Utils</Filter>
    </ClCompile>
    <ClCompile Include="Controller\Platform\PlatformFactory.h">
      <Filter>源文件\Controller\Platform</Filter>
    </ClCompile>
  </ItemGroup>
</Project>