lockfileVersion: '9.0'

settings:
  autoInstallPeers: true
  excludeLinksFromLockfile: false

importers:

  .:
    devDependencies:
      '@tsconfig/node20':
        specifier: ^20.1.4
        version: 20.1.4
      '@types/node':
        specifier: ^20.17.22
        version: 20.17.22

packages:

  '@tsconfig/node20@20.1.4':
    resolution: {integrity: sha512-sqgsT69YFeLWf5NtJ4Xq/xAF8p4ZQHlmGW74Nu2tD4+g5fAsposc4ZfaaPixVu4y01BEiDCWLRDCvDM5JOsRxg==}

  '@types/node@20.17.22':
    resolution: {integrity: sha512-9RV2zST+0s3EhfrMZIhrz2bhuhBwxgkbHEwP2gtGWPjBzVQjifMzJ9exw7aDZhR1wbpj8zBrfp3bo8oJcGiUUw==}

  undici-types@6.19.8:
    resolution: {integrity: sha512-ve2KP6f/JnbPBFyobGHuerC9g1FYGn/F8n1LWTwNxCEzd6IfqTwUQcNXgEtmmQ6DlRrC1hrSrBnCZPokRrDHjw==}

snapshots:

  '@tsconfig/node20@20.1.4': {}

  '@types/node@20.17.22':
    dependencies:
      undici-types: 6.19.8

  undici-types@6.19.8: {}
